
Microsoft Visual Studio Solution File, Format Version 12.00
# Visual Studio Version 17
VisualStudioVersion = 17.13.35919.96 d17.13
MinimumVisualStudioVersion = 10.0.40219.1
Project("{FAE04EC0-301F-11D3-BF4B-00C04F79EFBC}") = "ETicaretProjesi", "ETicaretProjesi\ETicaretProjesi.csproj", "{5279D230-6833-4B54-97C4-B0EE1C82152D}"
EndProject
Global
	GlobalSection(SolutionConfigurationPlatforms) = preSolution
		Debug|Any CPU = Debug|Any CPU
		Release|Any CPU = Release|Any CPU
	EndGlobalSection
	GlobalSection(ProjectConfigurationPlatforms) = postSolution
		{5279D230-6833-4B54-97C4-B0EE1C82152D}.Debug|Any CPU.ActiveCfg = Debug|Any CPU
		{5279D230-6833-4B54-97C4-B0EE1C82152D}.Debug|Any CPU.Build.0 = Debug|Any CPU
		{5279D230-6833-4B54-97C4-B0EE1C82152D}.Release|Any CPU.ActiveCfg = Release|Any CPU
		{5279D230-6833-4B54-97C4-B0EE1C82152D}.Release|Any CPU.Build.0 = Release|Any CPU
	EndGlobalSection
	GlobalSection(SolutionProperties) = preSolution
		HideSolutionNode = FALSE
	EndGlobalSection
	GlobalSection(ExtensibilityGlobals) = postSolution
		SolutionGuid = {4077DEC1-826F-4B32-9E0D-E1528578024C}
	EndGlobalSection
EndGlobal
